
Microsoft Visual Studio Solution File, Format Version 12.00
# Visual Studio Version 17
VisualStudioVersion = 17.14.36804.6 d17.14
MinimumVisualStudioVersion = 10.0.40219.1
Project("{FAE04EC0-301F-11D3-BF4B-00C04F79EFBC}") = "Lab calcul numeric 7.1", "Lab calcul numeric 7.1\Lab calcul numeric 7.1.csproj", "{B74C3EC4-64D0-4C28-ADD9-E0E2F82B2877}"
EndProject
Global
	GlobalSection(SolutionConfigurationPlatforms) = preSolution
		Debug|Any CPU = Debug|Any CPU
		Release|Any CPU = Release|Any CPU
	EndGlobalSection
	GlobalSection(ProjectConfigurationPlatforms) = postSolution
		{B74C3EC4-64D0-4C28-ADD9-E0E2F82B2877}.Debug|Any CPU.ActiveCfg = Debug|Any CPU
		{B74C3EC4-64D0-4C28-ADD9-E0E2F82B2877}.Debug|Any CPU.Build.0 = Debug|Any CPU
		{B74C3EC4-64D0-4C28-ADD9-E0E2F82B2877}.Release|Any CPU.ActiveCfg = Release|Any CPU
		{B74C3EC4-64D0-4C28-ADD9-E0E2F82B2877}.Release|Any CPU.Build.0 = Release|Any CPU
	EndGlobalSection
	GlobalSection(SolutionProperties) = preSolution
		HideSolutionNode = FALSE
	EndGlobalSection
	GlobalSection(ExtensibilityGlobals) = postSolution
		SolutionGuid = {230AD6BE-816C-4629-BD1B-1DE28CF44516}
	EndGlobalSection
EndGlobal
